
Microsoft Visual Studio Solution File, Format Version 12.00
Project("{FAE04EC0-301F-11D3-BF4B-00C04F79EFBC}") = "apbd-tut-03", "apbd-tut-03.csproj", "{1FEE3C19-DB12-4632-8371-81850BA864DC}"
EndProject
Global
	GlobalSection(SolutionConfigurationPlatforms) = preSolution
		Debug|Any CPU = Debug|Any CPU
		Release|Any CPU = Release|Any CPU
	EndGlobalSection
	GlobalSection(ProjectConfigurationPlatforms) = postSolution
		{1FEE3C19-DB12-4632-8371-81850BA864DC}.Debug|Any CPU.ActiveCfg = Debug|Any CPU
		{1FEE3C19-DB12-4632-8371-81850BA864DC}.Debug|Any CPU.Build.0 = Debug|Any CPU
		{1FEE3C19-DB12-4632-8371-81850BA864DC}.Release|Any CPU.ActiveCfg = Release|Any CPU
		{1FEE3C19-DB12-4632-8371-81850BA864DC}.Release|Any CPU.Build.0 = Release|Any CPU
	EndGlobalSection
EndGlobal
